
Microsoft Visual Studio Solution File, Format Version 12.00
# Visual Studio Version 16
VisualStudioVersion = 16.0.30907.101
MinimumVisualStudioVersion = 10.0.40219.1
Project("{FAE04EC0-301F-11D3-BF4B-00C04F79EFBC}") = "KampOdevGame", "KampOdevGame\KampOdevGame.csproj", "{2E89996C-DD8B-4BAF-8790-15531AFEB0F2}"
EndProject
Global
	GlobalSection(SolutionConfigurationPlatforms) = preSolution
		Debug|Any CPU = Debug|Any CPU
		Release|Any CPU = Release|Any CPU
	EndGlobalSection
	GlobalSection(ProjectConfigurationPlatforms) = postSolution
		{2E89996C-DD8B-4BAF-8790-15531AFEB0F2}.Debug|Any CPU.ActiveCfg = Debug|Any CPU
		{2E89996C-DD8B-4BAF-8790-15531AFEB0F2}.Debug|Any CPU.Build.0 = Debug|Any CPU
		{2E89996C-DD8B-4BAF-8790-15531AFEB0F2}.Release|Any CPU.ActiveCfg = Release|Any CPU
		{2E89996C-DD8B-4BAF-8790-15531AFEB0F2}.Release|Any CPU.Build.0 = Release|Any CPU
	EndGlobalSection
	GlobalSection(SolutionProperties) = preSolution
		HideSolutionNode = FALSE
	EndGlobalSection
	GlobalSection(ExtensibilityGlobals) = postSolution
		SolutionGuid = {75F584EA-7D91-43D0-910B-77B8B6AEA226}
	EndGlobalSection
EndGlobal
